{
  "version": 4,
  "terraform_version": "0.15.5",
  "serial": 277,
  "lineage": "e0f9e8b6-1fd8-478f-96e5-88d228ef993a",
  "outputs": {},
  "resources": [
    {
      "mode": "data",
      "type": "aws_ami",
      "name": "AmazonLinux",
      "provider": "provider[\"registry.terraform.io/hashicorp/aws\"]",
      "instances": [
        {
          "schema_version": 0,
          "attributes": {
            "architecture": "x86_64",
            "arn": "arn:aws:ec2:us-east-2::image/ami-04b68d38542135abb",
            "block_device_mappings": [
              {
                "device_name": "/dev/xvda",
                "ebs": {
                  "delete_on_termination": "true",
                  "encrypted": "false",
                  "iops": "0",
                  "snapshot_id": "snap-0c37a3c61dc62e2d9",
                  "throughput": "0",
                  "volume_size": "50",
                  "volume_type": "gp2"
                },
                "no_device": "",
                "virtual_name": ""
              },
              {
                "device_name": "/dev/xvdb",
                "ebs": {},
                "no_device": "",
                "virtual_name": "ephemeral0"
              },
              {
                "device_name": "/dev/xvdf",
                "ebs": {
                  "delete_on_termination": "true",
                  "encrypted": "false",
                  "iops": "0",
                  "snapshot_id": "",
                  "throughput": "0",
                  "volume_size": "100",
                  "volume_type": "gp2"
                },
                "no_device": "",
                "virtual_name": ""
              }
            ],
            "creation_date": "2019-06-24T16:28:26.000Z",
            "description": "The Atlassian Crowd AMI is an EBS-backed image based off Amazon Linux AMI (HVM). On first boot it downloads and installs the latest version of Crowd ready for you to use.",
            "ena_support": true,
            "executable_users": null,
            "filter": [
              {
                "name": "virtualization-type",
                "values": [
                  "hvm"
                ]
              }
            ],
            "hypervisor": "xen",
            "id": "ami-04b68d38542135abb",
            "image_id": "ami-04b68d38542135abb",
            "image_location": "515798882395/Atlassian Crowd 2019.06.24_1613 (HVM)",
            "image_owner_alias": null,
            "image_type": "machine",
            "kernel_id": null,
            "most_recent": true,
            "name": "Atlassian Crowd 2019.06.24_1613 (HVM)",
            "name_regex": null,
            "owner_id": "515798882395",
            "owners": [
              "515798882395"
            ],
            "platform": null,
            "platform_details": "Linux/UNIX",
            "product_codes": [],
            "public": true,
            "ramdisk_id": null,
            "root_device_name": "/dev/xvda",
            "root_device_type": "ebs",
            "root_snapshot_id": "snap-0c37a3c61dc62e2d9",
            "sriov_net_support": "simple",
            "state": "available",
            "state_reason": {
              "code": "UNSET",
              "message": "UNSET"
            },
            "tags": {},
            "usage_operation": "RunInstances",
            "virtualization_type": "hvm"
          },
          "sensitive_attributes": []
        }
      ]
    },
    {
      "mode": "managed",
      "type": "aws_instance",
      "name": "tf_ec2_instance",
      "provider": "provider[\"registry.terraform.io/hashicorp/aws\"]",
      "instances": [
        {
          "schema_version": 1,
          "attributes": {
            "ami": "ami-04b68d38542135abb",
            "arn": "arn:aws:ec2:us-east-2:535228728975:instance/i-0f9a31d4024a9b8c9",
            "associate_public_ip_address": false,
            "availability_zone": "us-east-2a",
            "capacity_reservation_specification": [
              {
                "capacity_reservation_preference": "open",
                "capacity_reservation_target": []
              }
            ],
            "cpu_core_count": 1,
            "cpu_threads_per_core": 1,
            "credit_specification": [
              {
                "cpu_credits": "standard"
              }
            ],
            "disable_api_termination": false,
            "ebs_block_device": [
              {
                "delete_on_termination": true,
                "device_name": "/dev/xvdf",
                "encrypted": false,
                "iops": 300,
                "kms_key_id": "",
                "snapshot_id": "",
                "tags": {},
                "throughput": 0,
                "volume_id": "vol-03526eb148f20d9cb",
                "volume_size": 100,
                "volume_type": "gp2"
              }
            ],
            "ebs_optimized": false,
            "enclave_options": [
              {
                "enabled": false
              }
            ],
            "ephemeral_block_device": [],
            "get_password_data": false,
            "hibernation": false,
            "host_id": null,
            "iam_instance_profile": "",
            "id": "i-0f9a31d4024a9b8c9",
            "instance_initiated_shutdown_behavior": "stop",
            "instance_state": "running",
            "instance_type": "t2.micro",
            "ipv6_address_count": 0,
            "ipv6_addresses": [],
            "key_name": "TFKeyPair",
            "metadata_options": [
              {
                "http_endpoint": "enabled",
                "http_put_response_hop_limit": 1,
                "http_tokens": "optional"
              }
            ],
            "monitoring": false,
            "network_interface": [],
            "outpost_arn": "",
            "password_data": "",
            "placement_group": "",
            "primary_network_interface_id": "eni-0ea72b945748ecbfb",
            "private_dns": "ip-192-168-100-214.us-east-2.compute.internal",
            "private_ip": "192.168.100.214",
            "public_dns": "",
            "public_ip": "",
            "root_block_device": [
              {
                "delete_on_termination": true,
                "device_name": "/dev/xvda",
                "encrypted": false,
                "iops": 150,
                "kms_key_id": "",
                "tags": {},
                "throughput": 0,
                "volume_id": "vol-084857a53a2453c8f",
                "volume_size": 50,
                "volume_type": "gp2"
              }
            ],
            "secondary_private_ips": [],
            "security_groups": [],
            "source_dest_check": true,
            "subnet_id": "subnet-0e67be145e2a5a4a7",
            "tags": {
              "Name": "tf_ec2_instance"
            },
            "tags_all": {
              "Name": "tf_ec2_instance"
            },
            "tenancy": "default",
            "timeouts": null,
            "user_data": null,
            "user_data_base64": null,
            "volume_tags": null,
            "vpc_security_group_ids": [
              "sg-05bd8d00cf2960070"
            ]
          },
          "sensitive_attributes": [],
          "private": "eyJlMmJmYjczMC1lY2FhLTExZTYtOGY4OC0zNDM2M2JjN2M0YzAiOnsiY3JlYXRlIjo2MDAwMDAwMDAwMDAsImRlbGV0ZSI6MTIwMDAwMDAwMDAwMCwidXBkYXRlIjo2MDAwMDAwMDAwMDB9LCJzY2hlbWFfdmVyc2lvbiI6IjEifQ==",
          "dependencies": [
            "aws_key_pair.generated_key",
            "aws_security_group.tf_sg",
            "aws_subnet.privatesubnet",
            "aws_vpc.terraform-vpc",
            "data.aws_ami.AmazonLinux",
            "tls_private_key.new_key"
          ]
        }
      ]
    },
    {
      "mode": "managed",
      "type": "aws_internet_gateway",
      "name": "IGW",
      "provider": "provider[\"registry.terraform.io/hashicorp/aws\"]",
      "instances": [
        {
          "schema_version": 0,
          "attributes": {
            "arn": "arn:aws:ec2:us-east-2:535228728975:internet-gateway/igw-0e81c1b4f136d1dd1",
            "id": "igw-0e81c1b4f136d1dd1",
            "owner_id": "535228728975",
            "tags": {
              "Name": "tf_igw"
            },
            "tags_all": {
              "Name": "tf_igw"
            },
            "vpc_id": "vpc-0f6d4c225868cf1c0"
          },
          "sensitive_attributes": [],
          "private": "bnVsbA==",
          "dependencies": [
            "aws_vpc.terraform-vpc"
          ]
        }
      ]
    },
    {
      "mode": "managed",
      "type": "aws_key_pair",
      "name": "generated_key",
      "provider": "provider[\"registry.terraform.io/hashicorp/aws\"]",
      "instances": [
        {
          "schema_version": 1,
          "attributes": {
            "arn": "arn:aws:ec2:us-east-2:535228728975:key-pair/TFKeyPair",
            "fingerprint": "41:0c:27:29:24:d5:ea:4b:95:2b:e9:64:b6:e6:76:e1",
            "id": "TFKeyPair",
            "key_name": "TFKeyPair",
            "key_name_prefix": null,
            "key_pair_id": "key-06b7e3c6ef320b800",
            "public_key": "ssh-rsa AAAAB3NzaC1yc2EAAAADAQABAAABAQCpE414jvsniC3OtVaFc3jnKGuQ8Kh/4gdi6ahMDnfhQ/XzHSwI6Xf9dgtIBuLstzGkngdYYm9OygyZOs5VJDn5fjN/Ph2Ftuw0adtLJ8RA3Tr9BqFQbqjnkzHiCESFzwhp3h3au/WO+Mhi3OdpXyCbrwkqZGGmAxAEbHZNQ5BcbcipyLfjp2wOyMS101cc7JxEzvhuJp+Z1e+s17/aFoyXmShGsYKM6l+/p4PAKafJuUGM4Cuh3cBEpdk4kynEMqWv0jTIxCqpmcwt7lu22k/y7aHJzYNJY/CZ9VrQlsv8b5tkoxuFzKJxEU5EhfwSFPBX4ApgSzHHDpUOIa9KzzP9",
            "tags": null,
            "tags_all": {}
          },
          "sensitive_attributes": [],
          "private": "eyJzY2hlbWFfdmVyc2lvbiI6IjEifQ==",
          "dependencies": [
            "tls_private_key.new_key"
          ]
        }
      ]
    },
    {
      "mode": "managed",
      "type": "aws_route_table",
      "name": "terraformRT",
      "provider": "provider[\"registry.terraform.io/hashicorp/aws\"]",
      "instances": [
        {
          "schema_version": 0,
          "attributes": {
            "arn": "arn:aws:ec2:us-east-2:535228728975:route-table/rtb-05dc301f5d4ad5911",
            "id": "rtb-05dc301f5d4ad5911",
            "owner_id": "535228728975",
            "propagating_vgws": [],
            "route": [
              {
                "carrier_gateway_id": "",
                "cidr_block": "0.0.0.0/0",
                "destination_prefix_list_id": "",
                "egress_only_gateway_id": "",
                "gateway_id": "igw-0e81c1b4f136d1dd1",
                "instance_id": "",
                "ipv6_cidr_block": "",
                "local_gateway_id": "",
                "nat_gateway_id": "",
                "network_interface_id": "",
                "transit_gateway_id": "",
                "vpc_endpoint_id": "",
                "vpc_peering_connection_id": ""
              }
            ],
            "tags": {
              "Name": "tf_rt"
            },
            "tags_all": {
              "Name": "tf_rt"
            },
            "vpc_id": "vpc-0f6d4c225868cf1c0"
          },
          "sensitive_attributes": [],
          "private": "bnVsbA==",
          "dependencies": [
            "aws_internet_gateway.IGW",
            "aws_vpc.terraform-vpc"
          ]
        }
      ]
    },
    {
      "mode": "managed",
      "type": "aws_security_group",
      "name": "tf_sg",
      "provider": "provider[\"registry.terraform.io/hashicorp/aws\"]",
      "instances": [
        {
          "schema_version": 1,
          "attributes": {
            "arn": "arn:aws:ec2:us-east-2:535228728975:security-group/sg-05bd8d00cf2960070",
            "description": "Created with Terraform. Allows ICMP, HTTP, HTTPS and SSH",
            "egress": [],
            "id": "sg-05bd8d00cf2960070",
            "ingress": [
              {
                "cidr_blocks": [
                  "0.0.0.0/0"
                ],
                "description": "",
                "from_port": -1,
                "ipv6_cidr_blocks": [],
                "prefix_list_ids": [],
                "protocol": "icmp",
                "security_groups": [],
                "self": false,
                "to_port": -1
              },
              {
                "cidr_blocks": [
                  "0.0.0.0/0"
                ],
                "description": "",
                "from_port": 22,
                "ipv6_cidr_blocks": [],
                "prefix_list_ids": [],
                "protocol": "tcp",
                "security_groups": [],
                "self": false,
                "to_port": 22
              },
              {
                "cidr_blocks": [
                  "0.0.0.0/0"
                ],
                "description": "",
                "from_port": 443,
                "ipv6_cidr_blocks": [],
                "prefix_list_ids": [],
                "protocol": "tcp",
                "security_groups": [],
                "self": false,
                "to_port": 443
              },
              {
                "cidr_blocks": [
                  "0.0.0.0/0"
                ],
                "description": "",
                "from_port": 80,
                "ipv6_cidr_blocks": [],
                "prefix_list_ids": [],
                "protocol": "tcp",
                "security_groups": [],
                "self": false,
                "to_port": 80
              }
            ],
            "name": "tf-sg",
            "name_prefix": "",
            "owner_id": "535228728975",
            "revoke_rules_on_delete": false,
            "tags": null,
            "tags_all": {},
            "timeouts": null,
            "vpc_id": "vpc-0f6d4c225868cf1c0"
          },
          "sensitive_attributes": [],
          "private": "eyJlMmJmYjczMC1lY2FhLTExZTYtOGY4OC0zNDM2M2JjN2M0YzAiOnsiY3JlYXRlIjo2MDAwMDAwMDAwMDAsImRlbGV0ZSI6OTAwMDAwMDAwMDAwfSwic2NoZW1hX3ZlcnNpb24iOiIxIn0=",
          "dependencies": [
            "aws_vpc.terraform-vpc"
          ]
        }
      ]
    },
    {
      "mode": "managed",
      "type": "aws_subnet",
      "name": "privatesubnet",
      "provider": "provider[\"registry.terraform.io/hashicorp/aws\"]",
      "instances": [
        {
          "schema_version": 1,
          "attributes": {
            "arn": "arn:aws:ec2:us-east-2:535228728975:subnet/subnet-0e67be145e2a5a4a7",
            "assign_ipv6_address_on_creation": false,
            "availability_zone": "us-east-2a",
            "availability_zone_id": "use2-az1",
            "cidr_block": "192.168.100.0/24",
            "customer_owned_ipv4_pool": "",
            "id": "subnet-0e67be145e2a5a4a7",
            "ipv6_cidr_block": "",
            "ipv6_cidr_block_association_id": "",
            "map_customer_owned_ip_on_launch": false,
            "map_public_ip_on_launch": false,
            "outpost_arn": "",
            "owner_id": "535228728975",
            "tags": {
              "Name": "tf_psn"
            },
            "tags_all": {
              "Name": "tf_psn"
            },
            "timeouts": null,
            "vpc_id": "vpc-0f6d4c225868cf1c0"
          },
          "sensitive_attributes": [],
          "private": "eyJlMmJmYjczMC1lY2FhLTExZTYtOGY4OC0zNDM2M2JjN2M0YzAiOnsiY3JlYXRlIjo2MDAwMDAwMDAwMDAsImRlbGV0ZSI6MTIwMDAwMDAwMDAwMH0sInNjaGVtYV92ZXJzaW9uIjoiMSJ9",
          "dependencies": [
            "aws_vpc.terraform-vpc"
          ]
        }
      ]
    },
    {
      "mode": "managed",
      "type": "aws_vpc",
      "name": "terraform-vpc",
      "provider": "provider[\"registry.terraform.io/hashicorp/aws\"]",
      "instances": [
        {
          "schema_version": 1,
          "attributes": {
            "arn": "arn:aws:ec2:us-east-2:535228728975:vpc/vpc-0f6d4c225868cf1c0",
            "assign_generated_ipv6_cidr_block": false,
            "cidr_block": "192.168.0.0/16",
            "default_network_acl_id": "acl-00bd455d205c44a7e",
            "default_route_table_id": "rtb-0eec1d7d9ec66b70b",
            "default_security_group_id": "sg-036ec01ad1ea41a19",
            "dhcp_options_id": "dopt-e9495981",
            "enable_classiclink": null,
            "enable_classiclink_dns_support": null,
            "enable_dns_hostnames": true,
            "enable_dns_support": true,
            "id": "vpc-0f6d4c225868cf1c0",
            "instance_tenancy": "default",
            "ipv6_association_id": "",
            "ipv6_cidr_block": "",
            "main_route_table_id": "rtb-0eec1d7d9ec66b70b",
            "owner_id": "535228728975",
            "tags": {
              "Name": "tf_vpc"
            },
            "tags_all": {
              "Name": "tf_vpc"
            }
          },
          "sensitive_attributes": [],
          "private": "eyJzY2hlbWFfdmVyc2lvbiI6IjEifQ=="
        }
      ]
    },
    {
      "mode": "managed",
      "type": "tls_private_key",
      "name": "new_key",
      "provider": "provider[\"registry.terraform.io/hashicorp/tls\"]",
      "instances": [
        {
          "schema_version": 0,
          "attributes": {
            "algorithm": "RSA",
            "ecdsa_curve": "P224",
            "id": "c459da947c8aacd9c66ebc555b5acdb21e35204f",
            "private_key_pem": "-----BEGIN RSA PRIVATE KEY-----\nMIIEowIBAAKCAQEAqRONeI77J4gtzrVWhXN45yhrkPCof+IHYumoTA534UP18x0s\nCOl3/XYLSAbi7LcxpJ4HWGJvTsoMmTrOVSQ5+X4zfz4dhbbsNGnbSyfEQN06/Qah\nUG6o55Mx4ghEhc8Iad4d2rv1jvjIYtznaV8gm68JKmRhpgMQBGx2TUOQXG3Iqci3\n46dsDsjEtdNXHOycRM74biafmdXvrNe/2haMl5koRrGCjOpfv6eDwCmnyblBjOAr\nod3ARKXZOJMpxDKlr9I0yMQqqZnMLe5bttpP8u2hyc2DSWPwmfVa0JbL/G+bZKMb\nhcyicRFORIX8EhTwV+AKYEsxxw6VDiGvSs8z/QIDAQABAoIBAEBW02/8IPDTLnNJ\nqEoSPgDg7cXy/nvjnGH0fnmqy82qGe7QvBAMIAAQqoxXKoVf1QFKrYrhsm+uDYtF\nyHy302PwtVIHZh6bFFmBqtR3poP0a90bZ8l+wsGUztevw7uTpCT9RCkXe4NTgpW0\ncE81xufXfMpn9ozA/5hfWclfG5FACzhEnWyFPSkF+fMlP1QVi8zR6Buf+p3I6tRc\nqcZA5nYGzR2veW6m3l2KhvmzAY5O0UCqsSEyvNFlgIW2Te8FhmG6Rd/onTqnrt1v\nR2+uaVnedmsEj8JBDsymRmJcELkE8KMtxUA+bBAIqU9Rz3k/e15M+2sJ/UPh4UyR\nfCL0+4ECgYEAyHmlxUkarGSgUjpXcs+OCuTm3KH6XicqmFIge6+qi3TCc4UB1MIt\nYtU0OXF34HcTVndFPHxBes3GdXtgvtz28DHIgP/wUIn3G31/YQZg9hpUwKaP3SWp\nz5DkksuNWLbZiKcmwgqgHNH35NQTx1V8sY2qlDLcKMw3x8VdxTdBex0CgYEA1+eg\nPFiutXAg11CNsmFBC/oCMVvklSbLfCwWRJPBP5GgbE0HN83gUe/fFAYEoqxkPz4X\nU/3qt3dxtVqvYK0JNgdWIS//G4eZzjsU/0c6YoRlGX+Ddr9rPdo3EdGf/IEd337v\nxowQMpKUKGPMYFTtr2jxpLLNpReMhauxF18aZmECgYEAn5eXy/JidZK1vkALla59\nWVbYIhQgiAuN8SyQB2bU0afllKjxyDm8f81Sgdg+okao8lCIoZoZVnWx45yQa+Dk\nBFrdTzRwTu1F9nB1kvvM/J4BkkwGgvqUsFScYfABWfpWOl82j4p94/OS8GuUQz9e\nwMoSXWAPu7q3PSV1fKZ8TlECgYAcpedlGn9UI+S3rUCgAreW1z2jPwY9pEAr4c2y\nm8hwnuoidLYYeYDiXmnDRmknDKjgm2SNCIw0e+zim33Z3hvyx1ZuYOgAxyVpb/2B\nQfpFSDwB/iF7iDq6olHcU2xfHOLR3Q4D0mHz0+9EzLk5rws60zn9GJyg41cKBZYh\n+8SNAQKBgA/clLqZVHWbvbr6zMeQ7e5ELHqnf8xDXa4gAX6MWOD/lCc5HixUTBeW\n1NLCBPa0AUT+PS4KWVGIoSYQRVdzJIEUj+8rj9Nvz/25/ufrQTUgqZ92IayOkO2c\nWEKFBR3AYzu/lg6s9HVJHAVIe2ZP3OYtt9HbiFhmqtFb4iMNLYts\n-----END RSA PRIVATE KEY-----\n",
            "public_key_fingerprint_md5": "1d:fd:13:34:a5:1c:95:f1:0c:6f:a4:7d:49:02:df:d7",
            "public_key_openssh": "ssh-rsa AAAAB3NzaC1yc2EAAAADAQABAAABAQCpE414jvsniC3OtVaFc3jnKGuQ8Kh/4gdi6ahMDnfhQ/XzHSwI6Xf9dgtIBuLstzGkngdYYm9OygyZOs5VJDn5fjN/Ph2Ftuw0adtLJ8RA3Tr9BqFQbqjnkzHiCESFzwhp3h3au/WO+Mhi3OdpXyCbrwkqZGGmAxAEbHZNQ5BcbcipyLfjp2wOyMS101cc7JxEzvhuJp+Z1e+s17/aFoyXmShGsYKM6l+/p4PAKafJuUGM4Cuh3cBEpdk4kynEMqWv0jTIxCqpmcwt7lu22k/y7aHJzYNJY/CZ9VrQlsv8b5tkoxuFzKJxEU5EhfwSFPBX4ApgSzHHDpUOIa9KzzP9\n",
            "public_key_pem": "-----BEGIN PUBLIC KEY-----\nMIIBIjANBgkqhkiG9w0BAQEFAAOCAQ8AMIIBCgKCAQEAqRONeI77J4gtzrVWhXN4\n5yhrkPCof+IHYumoTA534UP18x0sCOl3/XYLSAbi7LcxpJ4HWGJvTsoMmTrOVSQ5\n+X4zfz4dhbbsNGnbSyfEQN06/QahUG6o55Mx4ghEhc8Iad4d2rv1jvjIYtznaV8g\nm68JKmRhpgMQBGx2TUOQXG3Iqci346dsDsjEtdNXHOycRM74biafmdXvrNe/2haM\nl5koRrGCjOpfv6eDwCmnyblBjOArod3ARKXZOJMpxDKlr9I0yMQqqZnMLe5bttpP\n8u2hyc2DSWPwmfVa0JbL/G+bZKMbhcyicRFORIX8EhTwV+AKYEsxxw6VDiGvSs8z\n/QIDAQAB\n-----END PUBLIC KEY-----\n",
            "rsa_bits": 2048
          },
          "sensitive_attributes": [],
          "private": "bnVsbA=="
        }
      ]
    }
  ]
}
